
Microsoft Visual Studio Solution File, Format Version 12.00
# Visual Studio Version 17
VisualStudioVersion = 17.8.34316.72
MinimumVisualStudioVersion = 10.0.40219.1
Project("{FAE04EC0-301F-11D3-BF4B-00C04F79EFBC}") = "Practica con Github", "Practica con Github\Practica con Github.csproj", "{28D7FD0B-F787-4ADA-BC2F-5FBDFF814243}"
EndProject
Global
	GlobalSection(SolutionConfigurationPlatforms) = preSolution
		Debug|Any CPU = Debug|Any CPU
		Release|Any CPU = Release|Any CPU
	EndGlobalSection
	GlobalSection(ProjectConfigurationPlatforms) = postSolution
		{28D7FD0B-F787-4ADA-BC2F-5FBDFF814243}.Debug|Any CPU.ActiveCfg = Debug|Any CPU
		{28D7FD0B-F787-4ADA-BC2F-5FBDFF814243}.Debug|Any CPU.Build.0 = Debug|Any CPU
		{28D7FD0B-F787-4ADA-BC2F-5FBDFF814243}.Release|Any CPU.ActiveCfg = Release|Any CPU
		{28D7FD0B-F787-4ADA-BC2F-5FBDFF814243}.Release|Any CPU.Build.0 = Release|Any CPU
	EndGlobalSection
	GlobalSection(SolutionProperties) = preSolution
		HideSolutionNode = FALSE
	EndGlobalSection
	GlobalSection(ExtensibilityGlobals) = postSolution
		SolutionGuid = {5C900FD6-4CF1-4D13-883D-05218426FAE6}
	EndGlobalSection
EndGlobal
